
Microsoft Visual Studio Solution File, Format Version 12.00
# Visual Studio 15
VisualStudioVersion = 15.0.28010.2048
MinimumVisualStudioVersion = 10.0.40219.1
Project("{FAE04EC0-301F-11D3-BF4B-00C04F79EFBC}") = "AppointmentApp", "AppointmentApp\AppointmentApp.csproj", "{32A54CFC-1DB9-45C4-BE5C-AD3F1F6E0E85}"
EndProject
Global
	GlobalSection(SolutionConfigurationPlatforms) = preSolution
		Debug|Any CPU = Debug|Any CPU
		Release|Any CPU = Release|Any CPU
	EndGlobalSection
	GlobalSection(ProjectConfigurationPlatforms) = postSolution
		{32A54CFC-1DB9-45C4-BE5C-AD3F1F6E0E85}.Debug|Any CPU.ActiveCfg = Debug|Any CPU
		{32A54CFC-1DB9-45C4-BE5C-AD3F1F6E0E85}.Debug|Any CPU.Build.0 = Debug|Any CPU
		{32A54CFC-1DB9-45C4-BE5C-AD3F1F6E0E85}.Release|Any CPU.ActiveCfg = Release|Any CPU
		{32A54CFC-1DB9-45C4-BE5C-AD3F1F6E0E85}.Release|Any CPU.Build.0 = Release|Any CPU
	EndGlobalSection
	GlobalSection(SolutionProperties) = preSolution
		HideSolutionNode = FALSE
	EndGlobalSection
	GlobalSection(ExtensibilityGlobals) = postSolution
		SolutionGuid = {032C690C-C676-4B8B-94FA-190B01D1043E}
	EndGlobalSection
EndGlobal
